// !$*UTF8*$!
{
	archiveVersion = 1;
	classes = {
	};
	objectVersion = 55;
	objects = {

/* Begin PBXBuildFile section */
		960499C076837E74CE12D8E6 /* libPods-Metamask_demo_for_hsbc.a in Frameworks */ = {isa = PBXBuildFile; fileRef = BF8CFFF6EA401FA95A654485 /* libPods-Metamask_demo_for_hsbc.a */; };
		B3140B652838952E004051FD /* DataProvider.swift in Sources */ = {isa = PBXBuildFile; fileRef = B3140B642838952E004051FD /* DataProvider.swift */; };
		B3140B672838A7BA004051FD /* TransactionRow.swift in Sources */ = {isa = PBXBuildFile; fileRef = B3140B662838A7BA004051FD /* TransactionRow.swift */; };
		B3140B692838AC75004051FD /* TransactionList.swift in Sources */ = {isa = PBXBuildFile; fileRef = B3140B682838AC75004051FD /* TransactionList.swift */; };
		B3140B6F2838CC49004051FD /* MainnetSetup.swift in Sources */ = {isa = PBXBuildFile; fileRef = B3140B6E2838CC49004051FD /* MainnetSetup.swift */; };
		B38DBDCE283805D600FA683B /* Metamask_demo_for_hsbcApp.swift in Sources */ = {isa = PBXBuildFile; fileRef = B38DBDCD283805D600FA683B /* Metamask_demo_for_hsbcApp.swift */; };
		B38DBDD0283805D600FA683B /* Wallet.swift in Sources */ = {isa = PBXBuildFile; fileRef = B38DBDCF283805D600FA683B /* Wallet.swift */; };
		B38DBDD2283805D700FA683B /* Assets.xcassets in Resources */ = {isa = PBXBuildFile; fileRef = B38DBDD1283805D700FA683B /* Assets.xcassets */; };
		B38DBDD5283805D700FA683B /* Preview Assets.xcassets in Resources */ = {isa = PBXBuildFile; fileRef = B38DBDD4283805D700FA683B /* Preview Assets.xcassets */; };
		B38DBDDC2838093600FA683B /* UserInfoView.swift in Sources */ = {isa = PBXBuildFile; fileRef = B38DBDDB2838093600FA683B /* UserInfoView.swift */; };
		B39F45EF28382AEF00B1A32F /* ActionButton.swift in Sources */ = {isa = PBXBuildFile; fileRef = B39F45EE28382AEF00B1A32F /* ActionButton.swift */; };
		B39F45F328383D4E00B1A32F /* NFTsList.swift in Sources */ = {isa = PBXBuildFile; fileRef = B39F45F228383D4E00B1A32F /* NFTsList.swift */; };
		B39F45F528383E7000B1A32F /* NFTRow.swift in Sources */ = {isa = PBXBuildFile; fileRef = B39F45F428383E7000B1A32F /* NFTRow.swift */; };
/* End PBXBuildFile section */

/* Begin PBXFileReference section */
		0EED6016EA5822E8BFD12CCB /* Pods-Metamask_demo_for_hsbc.debug.xcconfig */ = {isa = PBXFileReference; includeInIndex = 1; lastKnownFileType = text.xcconfig; name = "Pods-Metamask_demo_for_hsbc.debug.xcconfig"; path = "Target Support Files/Pods-Metamask_demo_for_hsbc/Pods-Metamask_demo_for_hsbc.debug.xcconfig"; sourceTree = "<group>"; };
		857F3AAE98C4F0AEAF928C2F /* Pods-Metamask_demo_for_hsbc.release.xcconfig */ = {isa = PBXFileReference; includeInIndex = 1; lastKnownFileType = text.xcconfig; name = "Pods-Metamask_demo_for_hsbc.release.xcconfig"; path = "Target Support Files/Pods-Metamask_demo_for_hsbc/Pods-Metamask_demo_for_hsbc.release.xcconfig"; sourceTree = "<group>"; };
		B3140B642838952E004051FD /* DataProvider.swift */ = {isa = PBXFileReference; fileEncoding = 4; lastKnownFileType = sourcecode.swift; path = DataProvider.swift; sourceTree = "<group>"; };
		B3140B662838A7BA004051FD /* TransactionRow.swift */ = {isa = PBXFileReference; lastKnownFileType = sourcecode.swift; path = TransactionRow.swift; sourceTree = "<group>"; };
		B3140B682838AC75004051FD /* TransactionList.swift */ = {isa = PBXFileReference; lastKnownFileType = sourcecode.swift; path = TransactionList.swift; sourceTree = "<group>"; };
		B3140B6E2838CC49004051FD /* MainnetSetup.swift */ = {isa = PBXFileReference; lastKnownFileType = sourcecode.swift; path = MainnetSetup.swift; sourceTree = "<group>"; };
		B38DBDCA283805D600FA683B /* Metamask_demo_for_hsbc.app */ = {isa = PBXFileReference; explicitFileType = wrapper.application; includeInIndex = 0; path = Metamask_demo_for_hsbc.app; sourceTree = BUILT_PRODUCTS_DIR; };
		B38DBDCD283805D600FA683B /* Metamask_demo_for_hsbcApp.swift */ = {isa = PBXFileReference; lastKnownFileType = sourcecode.swift; path = Metamask_demo_for_hsbcApp.swift; sourceTree = "<group>"; };
		B38DBDCF283805D600FA683B /* Wallet.swift */ = {isa = PBXFileReference; lastKnownFileType = sourcecode.swift; path = Wallet.swift; sourceTree = "<group>"; };
		B38DBDD1283805D700FA683B /* Assets.xcassets */ = {isa = PBXFileReference; lastKnownFileType = folder.assetcatalog; path = Assets.xcassets; sourceTree = "<group>"; };
		B38DBDD4283805D700FA683B /* Preview Assets.xcassets */ = {isa = PBXFileReference; lastKnownFileType = folder.assetcatalog; path = "Preview Assets.xcassets"; sourceTree = "<group>"; };
		B38DBDDB2838093600FA683B /* UserInfoView.swift */ = {isa = PBXFileReference; lastKnownFileType = sourcecode.swift; path = UserInfoView.swift; sourceTree = "<group>"; };
		B39F45EE28382AEF00B1A32F /* ActionButton.swift */ = {isa = PBXFileReference; lastKnownFileType = sourcecode.swift; path = ActionButton.swift; sourceTree = "<group>"; };
		B39F45F228383D4E00B1A32F /* NFTsList.swift */ = {isa = PBXFileReference; lastKnownFileType = sourcecode.swift; path = NFTsList.swift; sourceTree = "<group>"; };
		B39F45F428383E7000B1A32F /* NFTRow.swift */ = {isa = PBXFileReference; lastKnownFileType = sourcecode.swift; path = NFTRow.swift; sourceTree = "<group>"; };
		BF8CFFF6EA401FA95A654485 /* libPods-Metamask_demo_for_hsbc.a */ = {isa = PBXFileReference; explicitFileType = archive.ar; includeInIndex = 0; path = "libPods-Metamask_demo_for_hsbc.a"; sourceTree = BUILT_PRODUCTS_DIR; };
/* End PBXFileReference section */

/* Begin PBXFrameworksBuildPhase section */
		B38DBDC7283805D600FA683B /* Frameworks */ = {
			isa = PBXFrameworksBuildPhase;
			buildActionMask = 2147483647;
			files = (
				960499C076837E74CE12D8E6 /* libPods-Metamask_demo_for_hsbc.a in Frameworks */,
			);
			runOnlyForDeploymentPostprocessing = 0;
		};
/* End PBXFrameworksBuildPhase section */

/* Begin PBXGroup section */
		B3140B6A2838ADCB004051FD /* TransactionList */ = {
			isa = PBXGroup;
			children = (
				B3140B662838A7BA004051FD /* TransactionRow.swift */,
				B3140B682838AC75004051FD /* TransactionList.swift */,
			);
			path = TransactionList;
			sourceTree = "<group>";
		};
		B3140B6B2838ADD2004051FD /* WalletList */ = {
			isa = PBXGroup;
			children = (
				B39F45F228383D4E00B1A32F /* NFTsList.swift */,
				B39F45F428383E7000B1A32F /* NFTRow.swift */,
			);
			path = WalletList;
			sourceTree = "<group>";
		};
		B3140B6C2838ADF4004051FD /* UserInfo */ = {
			isa = PBXGroup;
			children = (
				B38DBDCF283805D600FA683B /* Wallet.swift */,
				B38DBDDB2838093600FA683B /* UserInfoView.swift */,
				B39F45EE28382AEF00B1A32F /* ActionButton.swift */,
			);
			path = UserInfo;
			sourceTree = "<group>";
		};
		B38DBDC1283805D600FA683B = {
			isa = PBXGroup;
			children = (
				B38DBDCC283805D600FA683B /* Metamask_demo_for_hsbc */,
				B38DBDCB283805D600FA683B /* Products */,
				CE09D416E7DF68509AA61DE3 /* Pods */,
				E1E6EDB42FEF572180B42FC4 /* Frameworks */,
			);
			sourceTree = "<group>";
		};
		B38DBDCB283805D600FA683B /* Products */ = {
			isa = PBXGroup;
			children = (
				B38DBDCA283805D600FA683B /* Metamask_demo_for_hsbc.app */,
			);
			name = Products;
			sourceTree = "<group>";
		};
		B38DBDCC283805D600FA683B /* Metamask_demo_for_hsbc */ = {
			isa = PBXGroup;
			children = (
				B38DBDCD283805D600FA683B /* Metamask_demo_for_hsbcApp.swift */,
				B3140B642838952E004051FD /* DataProvider.swift */,
				B3140B6E2838CC49004051FD /* MainnetSetup.swift */,
				B3140B6C2838ADF4004051FD /* UserInfo */,
				B3140B6B2838ADD2004051FD /* WalletList */,
				B3140B6A2838ADCB004051FD /* TransactionList */,
				B38DBDD1283805D700FA683B /* Assets.xcassets */,
				B38DBDD3283805D700FA683B /* Preview Content */,
			);
			path = Metamask_demo_for_hsbc;
			sourceTree = "<group>";
		};
		B38DBDD3283805D700FA683B /* Preview Content */ = {
			isa = PBXGroup;
			children = (
				B38DBDD4283805D700FA683B /* Preview Assets.xcassets */,
			);
			path = "Preview Content";
			sourceTree = "<group>";
		};
		CE09D416E7DF68509AA61DE3 /* Pods */ = {
			isa = PBXGroup;
			children = (
				0EED6016EA5822E8BFD12CCB /* Pods-Metamask_demo_for_hsbc.debug.xcconfig */,
				857F3AAE98C4F0AEAF928C2F /* Pods-Metamask_demo_for_hsbc.release.xcconfig */,
			);
			path = Pods;
			sourceTree = "<group>";
		};
		E1E6EDB42FEF572180B42FC4 /* Frameworks */ = {
			isa = PBXGroup;
			children = (
				BF8CFFF6EA401FA95A654485 /* libPods-Metamask_demo_for_hsbc.a */,
			);
			name = Frameworks;
			sourceTree = "<group>";
		};
/* End PBXGroup section */

/* Begin PBXNativeTarget section */
		B38DBDC9283805D600FA683B /* Metamask_demo_for_hsbc */ = {
			isa = PBXNativeTarget;
			buildConfigurationList = B38DBDD8283805D700FA683B /* Build configuration list for PBXNativeTarget "Metamask_demo_for_hsbc" */;
			buildPhases = (
				6AD1F66DDC49C02B83672991 /* [CP] Check Pods Manifest.lock */,
				B38DBDC6283805D600FA683B /* Sources */,
				B38DBDC7283805D600FA683B /* Frameworks */,
				B38DBDC8283805D600FA683B /* Resources */,
			);
			buildRules = (
			);
			dependencies = (
			);
			name = Metamask_demo_for_hsbc;
			productName = Metamask_demo_for_hsbc;
			productReference = B38DBDCA283805D600FA683B /* Metamask_demo_for_hsbc.app */;
			productType = "com.apple.product-type.application";
		};
/* End PBXNativeTarget section */

/* Begin PBXProject section */
		B38DBDC2283805D600FA683B /* Project object */ = {
			isa = PBXProject;
			attributes = {
				BuildIndependentTargetsInParallel = 1;
				LastSwiftUpdateCheck = 1330;
				LastUpgradeCheck = 1330;
				TargetAttributes = {
					B38DBDC9283805D600FA683B = {
						CreatedOnToolsVersion = 13.3;
					};
				};
			};
			buildConfigurationList = B38DBDC5283805D600FA683B /* Build configuration list for PBXProject "Metamask_demo_for_hsbc" */;
			compatibilityVersion = "Xcode 13.0";
			developmentRegion = en;
			hasScannedForEncodings = 0;
			knownRegions = (
				en,
				Base,
			);
			mainGroup = B38DBDC1283805D600FA683B;
			productRefGroup = B38DBDCB283805D600FA683B /* Products */;
			projectDirPath = "";
			projectRoot = "";
			targets = (
				B38DBDC9283805D600FA683B /* Metamask_demo_for_hsbc */,
			);
		};
/* End PBXProject section */

/* Begin PBXResourcesBuildPhase section */
		B38DBDC8283805D600FA683B /* Resources */ = {
			isa = PBXResourcesBuildPhase;
			buildActionMask = 2147483647;
			files = (
				B38DBDD5283805D700FA683B /* Preview Assets.xcassets in Resources */,
				B38DBDD2283805D700FA683B /* Assets.xcassets in Resources */,
			);
			runOnlyForDeploymentPostprocessing = 0;
		};
/* End PBXResourcesBuildPhase section */

/* Begin PBXShellScriptBuildPhase section */
		6AD1F66DDC49C02B83672991 /* [CP] Check Pods Manifest.lock */ = {
			isa = PBXShellScriptBuildPhase;
			buildActionMask = 2147483647;
			files = (
			);
			inputFileListPaths = (
			);
			inputPaths = (
				"${PODS_PODFILE_DIR_PATH}/Podfile.lock",
				"${PODS_ROOT}/Manifest.lock",
			);
			name = "[CP] Check Pods Manifest.lock";
			outputFileListPaths = (
			);
			outputPaths = (
				"$(DERIVED_FILE_DIR)/Pods-Metamask_demo_for_hsbc-checkManifestLockResult.txt",
			);
			runOnlyForDeploymentPostprocessing = 0;
			shellPath = /bin/sh;
			shellScript = "diff \"${PODS_PODFILE_DIR_PATH}/Podfile.lock\" \"${PODS_ROOT}/Manifest.lock\" > /dev/null\nif [ $? != 0 ] ; then\n    # print error to STDERR\n    echo \"error: The sandbox is not in sync with the Podfile.lock. Run 'pod install' or update your CocoaPods installation.\" >&2\n    exit 1\nfi\n# This output is used by Xcode 'outputs' to avoid re-running this script phase.\necho \"SUCCESS\" > \"${SCRIPT_OUTPUT_FILE_0}\"\n";
			showEnvVarsInLog = 0;
		};
/* End PBXShellScriptBuildPhase section */

/* Begin PBXSourcesBuildPhase section */
		B38DBDC6283805D600FA683B /* Sources */ = {
			isa = PBXSourcesBuildPhase;
			buildActionMask = 2147483647;
			files = (
				B38DBDD0283805D600FA683B /* Wallet.swift in Sources */,
				B3140B692838AC75004051FD /* TransactionList.swift in Sources */,
				B3140B6F2838CC49004051FD /* MainnetSetup.swift in Sources */,
				B3140B652838952E004051FD /* DataProvider.swift in Sources */,
				B38DBDCE283805D600FA683B /* Metamask_demo_for_hsbcApp.swift in Sources */,
				B38DBDDC2838093600FA683B /* UserInfoView.swift in Sources */,
				B39F45F328383D4E00B1A32F /* NFTsList.swift in Sources */,
				B3140B672838A7BA004051FD /* TransactionRow.swift in Sources */,
				B39F45EF28382AEF00B1A32F /* ActionButton.swift in Sources */,
				B39F45F528383E7000B1A32F /* NFTRow.swift in Sources */,
			);
			runOnlyForDeploymentPostprocessing = 0;
		};
/* End PBXSourcesBuildPhase section */

/* Begin XCBuildConfiguration section */
		B38DBDD6283805D700FA683B /* Debug */ = {
			isa = XCBuildConfiguration;
			buildSettings = {
				ALWAYS_SEARCH_USER_PATHS = NO;
				CLANG_ANALYZER_NONNULL = YES;
				CLANG_ANALYZER_NUMBER_OBJECT_CONVERSION = YES_AGGRESSIVE;
				CLANG_CXX_LANGUAGE_STANDARD = "gnu++17";
				CLANG_ENABLE_MODULES = YES;
				CLANG_ENABLE_OBJC_ARC = YES;
				CLANG_ENABLE_OBJC_WEAK = YES;
				CLANG_WARN_BLOCK_CAPTURE_AUTORELEASING = YES;
				CLANG_WARN_BOOL_CONVERSION = YES;
				CLANG_WARN_COMMA = YES;
				CLANG_WARN_CONSTANT_CONVERSION = YES;
				CLANG_WARN_DEPRECATED_OBJC_IMPLEMENTATIONS = YES;
				CLANG_WARN_DIRECT_OBJC_ISA_USAGE = YES_ERROR;
				CLANG_WARN_DOCUMENTATION_COMMENTS = YES;
				CLANG_WARN_EMPTY_BODY = YES;
				CLANG_WARN_ENUM_CONVERSION = YES;
				CLANG_WARN_INFINITE_RECURSION = YES;
				CLANG_WARN_INT_CONVERSION = YES;
				CLANG_WARN_NON_LITERAL_NULL_CONVERSION = YES;
				CLANG_WARN_OBJC_IMPLICIT_RETAIN_SELF = YES;
				CLANG_WARN_OBJC_LITERAL_CONVERSION = YES;
				CLANG_WARN_OBJC_ROOT_CLASS = YES_ERROR;
				CLANG_WARN_QUOTED_INCLUDE_IN_FRAMEWORK_HEADER = YES;
				CLANG_WARN_RANGE_LOOP_ANALYSIS = YES;
				CLANG_WARN_STRICT_PROTOTYPES = YES;
				CLANG_WARN_SUSPICIOUS_MOVE = YES;
				CLANG_WARN_UNGUARDED_AVAILABILITY = YES_AGGRESSIVE;
				CLANG_WARN_UNREACHABLE_CODE = YES;
				CLANG_WARN__DUPLICATE_METHOD_MATCH = YES;
				COPY_PHASE_STRIP = NO;
				DEBUG_INFORMATION_FORMAT = dwarf;
				ENABLE_STRICT_OBJC_MSGSEND = YES;
				ENABLE_TESTABILITY = YES;
				GCC_C_LANGUAGE_STANDARD = gnu11;
				GCC_DYNAMIC_NO_PIC = NO;
				GCC_NO_COMMON_BLOCKS = YES;
				GCC_OPTIMIZATION_LEVEL = 0;
				GCC_PREPROCESSOR_DEFINITIONS = (
					"DEBUG=1",
					"$(inherited)",
				);
				GCC_WARN_64_TO_32_BIT_CONVERSION = YES;
				GCC_WARN_ABOUT_RETURN_TYPE = YES_ERROR;
				GCC_WARN_UNDECLARED_SELECTOR = YES;
				GCC_WARN_UNINITIALIZED_AUTOS = YES_AGGRESSIVE;
				GCC_WARN_UNUSED_FUNCTION = YES;
				GCC_WARN_UNUSED_VARIABLE = YES;
				IPHONEOS_DEPLOYMENT_TARGET = 15.4;
				MTL_ENABLE_DEBUG_INFO = INCLUDE_SOURCE;
				MTL_FAST_MATH = YES;
				ONLY_ACTIVE_ARCH = YES;
				SDKROOT = iphoneos;
				SWIFT_ACTIVE_COMPILATION_CONDITIONS = DEBUG;
				SWIFT_OPTIMIZATION_LEVEL = "-Onone";
			};
			name = Debug;
		};
		B38DBDD7283805D700FA683B /* Release */ = {
			isa = XCBuildConfiguration;
			buildSettings = {
				ALWAYS_SEARCH_USER_PATHS = NO;
				CLANG_ANALYZER_NONNULL = YES;
				CLANG_ANALYZER_NUMBER_OBJECT_CONVERSION = YES_AGGRESSIVE;
				CLANG_CXX_LANGUAGE_STANDARD = "gnu++17";
				CLANG_ENABLE_MODULES = YES;
				CLANG_ENABLE_OBJC_ARC = YES;
				CLANG_ENABLE_OBJC_WEAK = YES;
				CLANG_WARN_BLOCK_CAPTURE_AUTORELEASING = YES;
				CLANG_WARN_BOOL_CONVERSION = YES;
				CLANG_WARN_COMMA = YES;
				CLANG_WARN_CONSTANT_CONVERSION = YES;
				CLANG_WARN_DEPRECATED_OBJC_IMPLEMENTATIONS = YES;
				CLANG_WARN_DIRECT_OBJC_ISA_USAGE = YES_ERROR;
				CLANG_WARN_DOCUMENTATION_COMMENTS = YES;
				CLANG_WARN_EMPTY_BODY = YES;
				CLANG_WARN_ENUM_CONVERSION = YES;
				CLANG_WARN_INFINITE_RECURSION = YES;
				CLANG_WARN_INT_CONVERSION = YES;
				CLANG_WARN_NON_LITERAL_NULL_CONVERSION = YES;
				CLANG_WARN_OBJC_IMPLICIT_RETAIN_SELF = YES;
				CLANG_WARN_OBJC_LITERAL_CONVERSION = YES;
				CLANG_WARN_OBJC_ROOT_CLASS = YES_ERROR;
				CLANG_WARN_QUOTED_INCLUDE_IN_FRAMEWORK_HEADER = YES;
				CLANG_WARN_RANGE_LOOP_ANALYSIS = YES;
				CLANG_WARN_STRICT_PROTOTYPES = YES;
				CLANG_WARN_SUSPICIOUS_MOVE = YES;
				CLANG_WARN_UNGUARDED_AVAILABILITY = YES_AGGRESSIVE;
				CLANG_WARN_UNREACHABLE_CODE = YES;
				CLANG_WARN__DUPLICATE_METHOD_MATCH = YES;
				COPY_PHASE_STRIP = NO;
				DEBUG_INFORMATION_FORMAT = "dwarf-with-dsym";
				ENABLE_NS_ASSERTIONS = NO;
				ENABLE_STRICT_OBJC_MSGSEND = YES;
				GCC_C_LANGUAGE_STANDARD = gnu11;
				GCC_NO_COMMON_BLOCKS = YES;
				GCC_WARN_64_TO_32_BIT_CONVERSION = YES;
				GCC_WARN_ABOUT_RETURN_TYPE = YES_ERROR;
				GCC_WARN_UNDECLARED_SELECTOR = YES;
				GCC_WARN_UNINITIALIZED_AUTOS = YES_AGGRESSIVE;
				GCC_WARN_UNUSED_FUNCTION = YES;
				GCC_WARN_UNUSED_VARIABLE = YES;
				IPHONEOS_DEPLOYMENT_TARGET = 15.4;
				MTL_ENABLE_DEBUG_INFO = NO;
				MTL_FAST_MATH = YES;
				SDKROOT = iphoneos;
				SWIFT_COMPILATION_MODE = wholemodule;
				SWIFT_OPTIMIZATION_LEVEL = "-O";
				VALIDATE_PRODUCT = YES;
			};
			name = Release;
		};
		B38DBDD9283805D700FA683B /* Debug */ = {
			isa = XCBuildConfiguration;
			baseConfigurationReference = 0EED6016EA5822E8BFD12CCB /* Pods-Metamask_demo_for_hsbc.debug.xcconfig */;
			buildSettings = {
				ASSETCATALOG_COMPILER_APPICON_NAME = AppIcon;
				ASSETCATALOG_COMPILER_GLOBAL_ACCENT_COLOR_NAME = AccentColor;
				CLANG_ALLOW_NON_MODULAR_INCLUDES_IN_FRAMEWORK_MODULES = YES;
				CODE_SIGN_STYLE = Automatic;
				CURRENT_PROJECT_VERSION = 1;
				DEVELOPMENT_ASSET_PATHS = "\"Metamask_demo_for_hsbc/Preview Content\"";
				DEVELOPMENT_TEAM = Z5TV2DRUUD;
				ENABLE_PREVIEWS = YES;
				GENERATE_INFOPLIST_FILE = YES;
				INFOPLIST_KEY_UIApplicationSceneManifest_Generation = YES;
				INFOPLIST_KEY_UIApplicationSupportsIndirectInputEvents = YES;
				INFOPLIST_KEY_UILaunchScreen_Generation = YES;
				INFOPLIST_KEY_UISupportedInterfaceOrientations_iPad = "UIInterfaceOrientationPortrait UIInterfaceOrientationPortraitUpsideDown UIInterfaceOrientationLandscapeLeft UIInterfaceOrientationLandscapeRight";
				INFOPLIST_KEY_UISupportedInterfaceOrientations_iPhone = "UIInterfaceOrientationPortrait UIInterfaceOrientationLandscapeLeft UIInterfaceOrientationLandscapeRight";
				LD_RUNPATH_SEARCH_PATHS = (
					"$(inherited)",
					"@executable_path/Frameworks",
				);
				MARKETING_VERSION = 1.0;
				PRODUCT_BUNDLE_IDENTIFIER = "com.qima.Metamask-demo-for-hsbc";
				PRODUCT_NAME = "$(TARGET_NAME)";
				SWIFT_EMIT_LOC_STRINGS = YES;
				SWIFT_VERSION = 5.0;
				TARGETED_DEVICE_FAMILY = "1,2";
			};
			name = Debug;
		};
		B38DBDDA283805D700FA683B /* Release */ = {
			isa = XCBuildConfiguration;
			baseConfigurationReference = 857F3AAE98C4F0AEAF928C2F /* Pods-Metamask_demo_for_hsbc.release.xcconfig */;
			buildSettings = {
				ASSETCATALOG_COMPILER_APPICON_NAME = AppIcon;
				ASSETCATALOG_COMPILER_GLOBAL_ACCENT_COLOR_NAME = AccentColor;
				CLANG_ALLOW_NON_MODULAR_INCLUDES_IN_FRAMEWORK_MODULES = YES;
				CODE_SIGN_STYLE = Automatic;
				CURRENT_PROJECT_VERSION = 1;
				DEVELOPMENT_ASSET_PATHS = "\"Metamask_demo_for_hsbc/Preview Content\"";
				DEVELOPMENT_TEAM = Z5TV2DRUUD;
				ENABLE_PREVIEWS = YES;
				GENERATE_INFOPLIST_FILE = YES;
				INFOPLIST_KEY_UIApplicationSceneManifest_Generation = YES;
				INFOPLIST_KEY_UIApplicationSupportsIndirectInputEvents = YES;
				INFOPLIST_KEY_UILaunchScreen_Generation = YES;
				INFOPLIST_KEY_UISupportedInterfaceOrientations_iPad = "UIInterfaceOrientationPortrait UIInterfaceOrientationPortraitUpsideDown UIInterfaceOrientationLandscapeLeft UIInterfaceOrientationLandscapeRight";
				INFOPLIST_KEY_UISupportedInterfaceOrientations_iPhone = "UIInterfaceOrientationPortrait UIInterfaceOrientationLandscapeLeft UIInterfaceOrientationLandscapeRight";
				LD_RUNPATH_SEARCH_PATHS = (
					"$(inherited)",
					"@executable_path/Frameworks",
				);
				MARKETING_VERSION = 1.0;
				PRODUCT_BUNDLE_IDENTIFIER = "com.qima.Metamask-demo-for-hsbc";
				PRODUCT_NAME = "$(TARGET_NAME)";
				SWIFT_EMIT_LOC_STRINGS = YES;
				SWIFT_VERSION = 5.0;
				TARGETED_DEVICE_FAMILY = "1,2";
			};
			name = Release;
		};
/* End XCBuildConfiguration section */

/* Begin XCConfigurationList section */
		B38DBDC5283805D600FA683B /* Build configuration list for PBXProject "Metamask_demo_for_hsbc" */ = {
			isa = XCConfigurationList;
			buildConfigurations = (
				B38DBDD6283805D700FA683B /* Debug */,
				B38DBDD7283805D700FA683B /* Release */,
			);
			defaultConfigurationIsVisible = 0;
			defaultConfigurationName = Release;
		};
		B38DBDD8283805D700FA683B /* Build configuration list for PBXNativeTarget "Metamask_demo_for_hsbc" */ = {
			isa = XCConfigurationList;
			buildConfigurations = (
				B38DBDD9283805D700FA683B /* Debug */,
				B38DBDDA283805D700FA683B /* Release */,
			);
			defaultConfigurationIsVisible = 0;
			defaultConfigurationName = Release;
		};
/* End XCConfigurationList section */
	};
	rootObject = B38DBDC2283805D600FA683B /* Project object */;
}
